
Microsoft Visual Studio Solution File, Format Version 12.00
# Visual Studio 15
VisualStudioVersion = 15.0.27130.0
MinimumVisualStudioVersion = 10.0.40219.1
Project("{FAE04EC0-301F-11D3-BF4B-00C04F79EFBC}") = "LMS", "LMS\LMS.csproj", "{E256BD70-F091-49FF-BC37-11F9C9523416}"
EndProject
Global
	GlobalSection(SolutionConfigurationPlatforms) = preSolution
		Debug|Any CPU = Debug|Any CPU
		Release|Any CPU = Release|Any CPU
	EndGlobalSection
	GlobalSection(ProjectConfigurationPlatforms) = postSolution
		{E256BD70-F091-49FF-BC37-11F9C9523416}.Debug|Any CPU.ActiveCfg = Debug|Any CPU
		{E256BD70-F091-49FF-BC37-11F9C9523416}.Debug|Any CPU.Build.0 = Debug|Any CPU
		{E256BD70-F091-49FF-BC37-11F9C9523416}.Release|Any CPU.ActiveCfg = Release|Any CPU
		{E256BD70-F091-49FF-BC37-11F9C9523416}.Release|Any CPU.Build.0 = Release|Any CPU
	EndGlobalSection
	GlobalSection(SolutionProperties) = preSolution
		HideSolutionNode = FALSE
	EndGlobalSection
	GlobalSection(ExtensibilityGlobals) = postSolution
		SolutionGuid = {799068CA-B9E3-4D69-869A-AFAB23940826}
	EndGlobalSection
EndGlobal
